
Microsoft Visual Studio Solution File, Format Version 12.00
# Visual Studio 15
Project("{FAE04EC0-301F-11D3-BF4B-00C04F79EFBC}") = "TestApp.Android", "TestApp.Android\TestApp.Android.csproj", "{3303EAC1-1410-4DB4-B29B-3DCCA85EC5CC}"
EndProject
Project("{FAE04EC0-301F-11D3-BF4B-00C04F79EFBC}") = "TestApp.iOS", "TestApp.iOS\TestApp.iOS.csproj", "{9CE2F768-4B67-4750-8544-8CA7D93C60D5}"
EndProject
Project("{FAE04EC0-301F-11D3-BF4B-00C04F79EFBC}") = "TestApp", "TestApp\TestApp.csproj", "{54A3B75B-0861-4BA3-B3DB-08AB8A1BC4A3}"
EndProject
Global
	GlobalSection(SolutionConfigurationPlatforms) = preSolution
		Debug|Any CPU = Debug|Any CPU
		Release|Any CPU = Release|Any CPU
		Debug|iPhoneSimulator = Debug|iPhoneSimulator
		Release|iPhoneSimulator = Release|iPhoneSimulator
		Debug|iPhone = Debug|iPhone
		Release|iPhone = Release|iPhone
	EndGlobalSection
	GlobalSection(ProjectConfigurationPlatforms) = postSolution
		{3303EAC1-1410-4DB4-B29B-3DCCA85EC5CC}.Debug|Any CPU.ActiveCfg = Debug|Any CPU
		{3303EAC1-1410-4DB4-B29B-3DCCA85EC5CC}.Debug|Any CPU.Build.0 = Debug|Any CPU
		{3303EAC1-1410-4DB4-B29B-3DCCA85EC5CC}.Release|Any CPU.ActiveCfg = Release|Any CPU
		{3303EAC1-1410-4DB4-B29B-3DCCA85EC5CC}.Release|Any CPU.Build.0 = Release|Any CPU
		{3303EAC1-1410-4DB4-B29B-3DCCA85EC5CC}.Debug|iPhoneSimulator.ActiveCfg = Debug|Any CPU
		{3303EAC1-1410-4DB4-B29B-3DCCA85EC5CC}.Debug|iPhoneSimulator.Build.0 = Debug|Any CPU
		{3303EAC1-1410-4DB4-B29B-3DCCA85EC5CC}.Release|iPhoneSimulator.ActiveCfg = Release|Any CPU
		{3303EAC1-1410-4DB4-B29B-3DCCA85EC5CC}.Release|iPhoneSimulator.Build.0 = Release|Any CPU
		{3303EAC1-1410-4DB4-B29B-3DCCA85EC5CC}.Debug|iPhone.ActiveCfg = Debug|Any CPU
		{3303EAC1-1410-4DB4-B29B-3DCCA85EC5CC}.Debug|iPhone.Build.0 = Debug|Any CPU
		{3303EAC1-1410-4DB4-B29B-3DCCA85EC5CC}.Release|iPhone.ActiveCfg = Release|Any CPU
		{3303EAC1-1410-4DB4-B29B-3DCCA85EC5CC}.Release|iPhone.Build.0 = Release|Any CPU
		{9CE2F768-4B67-4750-8544-8CA7D93C60D5}.Debug|Any CPU.ActiveCfg = Debug|iPhoneSimulator
		{9CE2F768-4B67-4750-8544-8CA7D93C60D5}.Debug|Any CPU.Build.0 = Debug|iPhoneSimulator
		{9CE2F768-4B67-4750-8544-8CA7D93C60D5}.Release|Any CPU.ActiveCfg = Release|iPhoneSimulator
		{9CE2F768-4B67-4750-8544-8CA7D93C60D5}.Release|Any CPU.Build.0 = Release|iPhoneSimulator
		{9CE2F768-4B67-4750-8544-8CA7D93C60D5}.Debug|iPhoneSimulator.ActiveCfg = Debug|iPhoneSimulator
		{9CE2F768-4B67-4750-8544-8CA7D93C60D5}.Debug|iPhoneSimulator.Build.0 = Debug|iPhoneSimulator
		{9CE2F768-4B67-4750-8544-8CA7D93C60D5}.Release|iPhoneSimulator.ActiveCfg = Release|iPhoneSimulator
		{9CE2F768-4B67-4750-8544-8CA7D93C60D5}.Release|iPhoneSimulator.Build.0 = Release|iPhoneSimulator
		{9CE2F768-4B67-4750-8544-8CA7D93C60D5}.Debug|iPhone.ActiveCfg = Debug|iPhone
		{9CE2F768-4B67-4750-8544-8CA7D93C60D5}.Debug|iPhone.Build.0 = Debug|iPhone
		{9CE2F768-4B67-4750-8544-8CA7D93C60D5}.Release|iPhone.ActiveCfg = Release|iPhone
		{9CE2F768-4B67-4750-8544-8CA7D93C60D5}.Release|iPhone.Build.0 = Release|iPhone
		{54A3B75B-0861-4BA3-B3DB-08AB8A1BC4A3}.Debug|Any CPU.ActiveCfg = Debug|Any CPU
		{54A3B75B-0861-4BA3-B3DB-08AB8A1BC4A3}.Debug|Any CPU.Build.0 = Debug|Any CPU
		{54A3B75B-0861-4BA3-B3DB-08AB8A1BC4A3}.Release|Any CPU.ActiveCfg = Release|Any CPU
		{54A3B75B-0861-4BA3-B3DB-08AB8A1BC4A3}.Release|Any CPU.Build.0 = Release|Any CPU
		{54A3B75B-0861-4BA3-B3DB-08AB8A1BC4A3}.Debug|iPhoneSimulator.ActiveCfg = Debug|Any CPU
		{54A3B75B-0861-4BA3-B3DB-08AB8A1BC4A3}.Debug|iPhoneSimulator.Build.0 = Debug|Any CPU
		{54A3B75B-0861-4BA3-B3DB-08AB8A1BC4A3}.Release|iPhoneSimulator.ActiveCfg = Release|Any CPU
		{54A3B75B-0861-4BA3-B3DB-08AB8A1BC4A3}.Release|iPhoneSimulator.Build.0 = Release|Any CPU
		{54A3B75B-0861-4BA3-B3DB-08AB8A1BC4A3}.Debug|iPhone.ActiveCfg = Debug|Any CPU
		{54A3B75B-0861-4BA3-B3DB-08AB8A1BC4A3}.Debug|iPhone.Build.0 = Debug|Any CPU
		{54A3B75B-0861-4BA3-B3DB-08AB8A1BC4A3}.Release|iPhone.ActiveCfg = Release|Any CPU
		{54A3B75B-0861-4BA3-B3DB-08AB8A1BC4A3}.Release|iPhone.Build.0 = Release|Any CPU
	EndGlobalSection
EndGlobal
